{
  "name": "cognitive-luis-client",
  "version": "1.0.21",
  "lockfileVersion": 1,
  "dependencies": {
    "@types/async": {
      "version": "2.0.40",
      "resolved": "https://registry.npmjs.org/@types/async/-/async-2.0.40.tgz",
      "integrity": "sha1-rALeaOZsAEpht8sW34sds6JUzKk=",
      "dev": true
    },
    "@types/extend": {
      "version": "2.0.30",
      "resolved": "https://registry.npmjs.org/@types/extend/-/extend-2.0.30.tgz",
      "integrity": "sha1-WMyT9iHQo1jT/sm9bnObxg7H4nU=",
      "dev": true
    },
    "@types/form-data": {
      "version": "0.0.33",
      "resolved": "https://registry.npmjs.org/@types/form-data/-/form-data-0.0.33.tgz",
      "integrity": "sha1-yayFsqX9GENbjIXZ7LUObWyJP/g=",
      "dev": true
    },
    "@types/nock": {
      "version": "8.2.1",
      "resolved": "https://registry.npmjs.org/@types/nock/-/nock-8.2.1.tgz",
      "integrity": "sha1-H75b3suUPBCad4VT+k0kAcuTlLQ=",
      "dev": true
    },
    "@types/node": {
      "version": "8.0.7",
      "resolved": "https://registry.npmjs.org/@types/node/-/node-8.0.7.tgz",
      "integrity": "sha512-fuCPLPe4yY0nv6Z1rTLFCEC452jl0k7i3gF/c8hdEKpYtEpt6Sk67hTGbxx8C0wmifFGPvKYd/O8CvS6dpgxMQ==",
      "dev": true
    },
    "@types/request": {
      "version": "0.0.42",
      "resolved": "https://registry.npmjs.org/@types/request/-/request-0.0.42.tgz",
      "integrity": "sha1-5HpTvwsTBGSFT7aTKXdGoMBHnDE=",
      "dev": true
    },
    "extend": {
      "version": "3.0.1",
      "resolved": "https://registry.npmjs.org/extend/-/extend-3.0.1.tgz",
      "integrity": "sha1-p1Xqe8Gt/MWjHOfnYtuq3F5jZEQ="
    },
    "typescript": {
      "version": "2.4.1",
      "resolved": "https://registry.npmjs.org/typescript/-/typescript-2.4.1.tgz",
      "integrity": "sha1-w8yxbdqgsjFN4DHn5v7onlujRrw=",
      "dev": true
    }
  }
}
